// !$*UTF8*$!
{
	archiveVersion = 1;
	classes = {
	};
	objectVersion = 48;
	objects = {

/* Begin PBXBuildFile section */
		8472710B2000C4C600217FA8 /* AppDelegate.swift in Sources */ = {isa = PBXBuildFile; fileRef = 8472710A2000C4C600217FA8 /* AppDelegate.swift */; };
		8472710D2000C4C600217FA8 /* ViewController.swift in Sources */ = {isa = PBXBuildFile; fileRef = 8472710C2000C4C600217FA8 /* ViewController.swift */; };
		847271102000C4C600217FA8 /* Main.storyboard in Resources */ = {isa = PBXBuildFile; fileRef = 8472710E2000C4C600217FA8 /* Main.storyboard */; };
		847271132000C4C600217FA8 /* StarWars_Viper.xcdatamodeld in Sources */ = {isa = PBXBuildFile; fileRef = 847271112000C4C600217FA8 /* StarWars_Viper.xcdatamodeld */; };
		847271152000C4C600217FA8 /* Assets.xcassets in Resources */ = {isa = PBXBuildFile; fileRef = 847271142000C4C600217FA8 /* Assets.xcassets */; };
		847271182000C4C600217FA8 /* LaunchScreen.storyboard in Resources */ = {isa = PBXBuildFile; fileRef = 847271162000C4C600217FA8 /* LaunchScreen.storyboard */; };
		847271232000C4C600217FA8 /* StarWars_ViperTests.swift in Sources */ = {isa = PBXBuildFile; fileRef = 847271222000C4C600217FA8 /* StarWars_ViperTests.swift */; };
		8472712E2000C55B00217FA8 /* Networking.swift in Sources */ = {isa = PBXBuildFile; fileRef = 8472712D2000C55B00217FA8 /* Networking.swift */; };
		847271312000C70D00217FA8 /* People.swift in Sources */ = {isa = PBXBuildFile; fileRef = 847271302000C70D00217FA8 /* People.swift */; };
		847271332000C72800217FA8 /* Planets.swift in Sources */ = {isa = PBXBuildFile; fileRef = 847271322000C72800217FA8 /* Planets.swift */; };
		847271352000C74D00217FA8 /* Starships.swift in Sources */ = {isa = PBXBuildFile; fileRef = 847271342000C74D00217FA8 /* Starships.swift */; };
		847271372000C76300217FA8 /* Vehicles.swift in Sources */ = {isa = PBXBuildFile; fileRef = 847271362000C76300217FA8 /* Vehicles.swift */; };
		847271392000C77900217FA8 /* Films.swift in Sources */ = {isa = PBXBuildFile; fileRef = 847271382000C77900217FA8 /* Films.swift */; };
		8472713B2000C79800217FA8 /* Species.swift in Sources */ = {isa = PBXBuildFile; fileRef = 8472713A2000C79800217FA8 /* Species.swift */; };
		8472713D2000D8BD00217FA8 /* Constants.swift in Sources */ = {isa = PBXBuildFile; fileRef = 8472713C2000D8BD00217FA8 /* Constants.swift */; };
		847271442001B2FF00217FA8 /* Enumerations.swift in Sources */ = {isa = PBXBuildFile; fileRef = 847271432001B2FF00217FA8 /* Enumerations.swift */; };
		847271472001DF1800217FA8 /* Presenter.swift in Sources */ = {isa = PBXBuildFile; fileRef = 847271462001DF1800217FA8 /* Presenter.swift */; };
		847271492001F52500217FA8 /* DetailViewController.swift in Sources */ = {isa = PBXBuildFile; fileRef = 847271482001F52500217FA8 /* DetailViewController.swift */; };
		8472714B2001F77E00217FA8 /* Interactor.swift in Sources */ = {isa = PBXBuildFile; fileRef = 8472714A2001F77E00217FA8 /* Interactor.swift */; };
		8472714D2001FEB400217FA8 /* Router.swift in Sources */ = {isa = PBXBuildFile; fileRef = 8472714C2001FEB400217FA8 /* Router.swift */; };
		8472714F20021FA600217FA8 /* CustomObjectCell.swift in Sources */ = {isa = PBXBuildFile; fileRef = 8472714E20021FA600217FA8 /* CustomObjectCell.swift */; };
		847271512002C39500217FA8 /* GlobalCache.swift in Sources */ = {isa = PBXBuildFile; fileRef = 847271502002C39500217FA8 /* GlobalCache.swift */; };
		847271532002F2A100217FA8 /* ViewModel.swift in Sources */ = {isa = PBXBuildFile; fileRef = 847271522002F2A100217FA8 /* ViewModel.swift */; };
		8472715720032B9E00217FA8 /* ViewModelDelegate.swift in Sources */ = {isa = PBXBuildFile; fileRef = 8472715620032B9E00217FA8 /* ViewModelDelegate.swift */; };
		8472715920033B3500217FA8 /* ViewControllerDelegate.swift in Sources */ = {isa = PBXBuildFile; fileRef = 8472715820033B3500217FA8 /* ViewControllerDelegate.swift */; };
		8472715C20035A0700217FA8 /* DetailViewModel.swift in Sources */ = {isa = PBXBuildFile; fileRef = 8472715B20035A0700217FA8 /* DetailViewModel.swift */; };
		847272782007141B00217FA8 /* Person.swift in Sources */ = {isa = PBXBuildFile; fileRef = 847272772007141B00217FA8 /* Person.swift */; };
		8472727A2007142D00217FA8 /* Planet.swift in Sources */ = {isa = PBXBuildFile; fileRef = 847272792007142D00217FA8 /* Planet.swift */; };
		8472727C2007144A00217FA8 /* Starship.swift in Sources */ = {isa = PBXBuildFile; fileRef = 8472727B2007144A00217FA8 /* Starship.swift */; };
		8472727E2007147800217FA8 /* Vehicle.swift in Sources */ = {isa = PBXBuildFile; fileRef = 8472727D2007147800217FA8 /* Vehicle.swift */; };
		84727282200714FA00217FA8 /* Film.swift in Sources */ = {isa = PBXBuildFile; fileRef = 84727281200714FA00217FA8 /* Film.swift */; };
		847272842007150400217FA8 /* Specie.swift in Sources */ = {isa = PBXBuildFile; fileRef = 847272832007150400217FA8 /* Specie.swift */; };
		84727286200721EF00217FA8 /* DetailViewModelDelegate.swift in Sources */ = {isa = PBXBuildFile; fileRef = 84727285200721EF00217FA8 /* DetailViewModelDelegate.swift */; };
		847272882007220900217FA8 /* DetailViewControllerDelegate.swift in Sources */ = {isa = PBXBuildFile; fileRef = 847272872007220900217FA8 /* DetailViewControllerDelegate.swift */; };
		F09C037DE94006445598C2E3 /* Pods_StarWars_ViperTests.framework in Frameworks */ = {isa = PBXBuildFile; fileRef = 850CDE47DF5B795D084F89E3 /* Pods_StarWars_ViperTests.framework */; };
		FDC5757CB98E34E5F9FB669C /* Pods_StarWars_Viper.framework in Frameworks */ = {isa = PBXBuildFile; fileRef = 8F3483D96B9BB75DB1DE84A8 /* Pods_StarWars_Viper.framework */; };
/* End PBXBuildFile section */

/* Begin PBXContainerItemProxy section */
		8472711F2000C4C600217FA8 /* PBXContainerItemProxy */ = {
			isa = PBXContainerItemProxy;
			containerPortal = 847270FF2000C4C500217FA8 /* Project object */;
			proxyType = 1;
			remoteGlobalIDString = 847271062000C4C600217FA8;
			remoteInfo = "StarWars Viper";
		};
/* End PBXContainerItemProxy section */

/* Begin PBXFileReference section */
		0B33A108F7166D8A723D447D /* Pods-StarWars Viper.debug.xcconfig */ = {isa = PBXFileReference; includeInIndex = 1; lastKnownFileType = text.xcconfig; name = "Pods-StarWars Viper.debug.xcconfig"; path = "Pods/Target Support Files/Pods-StarWars Viper/Pods-StarWars Viper.debug.xcconfig"; sourceTree = "<group>"; };
		1ADC5D6BBEE7B15DB8B7CDCA /* Pods-StarWars ViperTests.release.xcconfig */ = {isa = PBXFileReference; includeInIndex = 1; lastKnownFileType = text.xcconfig; name = "Pods-StarWars ViperTests.release.xcconfig"; path = "Pods/Target Support Files/Pods-StarWars ViperTests/Pods-StarWars ViperTests.release.xcconfig"; sourceTree = "<group>"; };
		2177EA9AF715293F2A4CF927 /* Pods-StarWars Viper.release.xcconfig */ = {isa = PBXFileReference; includeInIndex = 1; lastKnownFileType = text.xcconfig; name = "Pods-StarWars Viper.release.xcconfig"; path = "Pods/Target Support Files/Pods-StarWars Viper/Pods-StarWars Viper.release.xcconfig"; sourceTree = "<group>"; };
		2B9A6350B12CE2BC1A229405 /* Pods-StarWars ViperTests.debug.xcconfig */ = {isa = PBXFileReference; includeInIndex = 1; lastKnownFileType = text.xcconfig; name = "Pods-StarWars ViperTests.debug.xcconfig"; path = "Pods/Target Support Files/Pods-StarWars ViperTests/Pods-StarWars ViperTests.debug.xcconfig"; sourceTree = "<group>"; };
		847271072000C4C600217FA8 /* StarWars Viper.app */ = {isa = PBXFileReference; explicitFileType = wrapper.application; includeInIndex = 0; path = "StarWars Viper.app"; sourceTree = BUILT_PRODUCTS_DIR; };
		8472710A2000C4C600217FA8 /* AppDelegate.swift */ = {isa = PBXFileReference; lastKnownFileType = sourcecode.swift; path = AppDelegate.swift; sourceTree = "<group>"; };
		8472710C2000C4C600217FA8 /* ViewController.swift */ = {isa = PBXFileReference; lastKnownFileType = sourcecode.swift; path = ViewController.swift; sourceTree = "<group>"; };
		8472710F2000C4C600217FA8 /* Base */ = {isa = PBXFileReference; lastKnownFileType = file.storyboard; name = Base; path = Base.lproj/Main.storyboard; sourceTree = "<group>"; };
		847271122000C4C600217FA8 /* StarWars_Viper.xcdatamodel */ = {isa = PBXFileReference; lastKnownFileType = wrapper.xcdatamodel; path = StarWars_Viper.xcdatamodel; sourceTree = "<group>"; };
		847271142000C4C600217FA8 /* Assets.xcassets */ = {isa = PBXFileReference; lastKnownFileType = folder.assetcatalog; path = Assets.xcassets; sourceTree = "<group>"; };
		847271172000C4C600217FA8 /* Base */ = {isa = PBXFileReference; lastKnownFileType = file.storyboard; name = Base; path = Base.lproj/LaunchScreen.storyboard; sourceTree = "<group>"; };
		847271192000C4C600217FA8 /* Info.plist */ = {isa = PBXFileReference; lastKnownFileType = text.plist.xml; path = Info.plist; sourceTree = "<group>"; };
		8472711E2000C4C600217FA8 /* StarWars ViperTests.xctest */ = {isa = PBXFileReference; explicitFileType = wrapper.cfbundle; includeInIndex = 0; path = "StarWars ViperTests.xctest"; sourceTree = BUILT_PRODUCTS_DIR; };
		847271222000C4C600217FA8 /* StarWars_ViperTests.swift */ = {isa = PBXFileReference; lastKnownFileType = sourcecode.swift; path = StarWars_ViperTests.swift; sourceTree = "<group>"; };
		847271242000C4C600217FA8 /* Info.plist */ = {isa = PBXFileReference; lastKnownFileType = text.plist.xml; path = Info.plist; sourceTree = "<group>"; };
		8472712D2000C55B00217FA8 /* Networking.swift */ = {isa = PBXFileReference; lastKnownFileType = sourcecode.swift; path = Networking.swift; sourceTree = "<group>"; };
		847271302000C70D00217FA8 /* People.swift */ = {isa = PBXFileReference; lastKnownFileType = sourcecode.swift; path = People.swift; sourceTree = "<group>"; };
		847271322000C72800217FA8 /* Planets.swift */ = {isa = PBXFileReference; lastKnownFileType = sourcecode.swift; path = Planets.swift; sourceTree = "<group>"; };
		847271342000C74D00217FA8 /* Starships.swift */ = {isa = PBXFileReference; lastKnownFileType = sourcecode.swift; path = Starships.swift; sourceTree = "<group>"; };
		847271362000C76300217FA8 /* Vehicles.swift */ = {isa = PBXFileReference; lastKnownFileType = sourcecode.swift; path = Vehicles.swift; sourceTree = "<group>"; };
		847271382000C77900217FA8 /* Films.swift */ = {isa = PBXFileReference; lastKnownFileType = sourcecode.swift; path = Films.swift; sourceTree = "<group>"; };
		8472713A2000C79800217FA8 /* Species.swift */ = {isa = PBXFileReference; lastKnownFileType = sourcecode.swift; path = Species.swift; sourceTree = "<group>"; };
		8472713C2000D8BD00217FA8 /* Constants.swift */ = {isa = PBXFileReference; lastKnownFileType = sourcecode.swift; path = Constants.swift; sourceTree = "<group>"; };
		847271432001B2FF00217FA8 /* Enumerations.swift */ = {isa = PBXFileReference; lastKnownFileType = sourcecode.swift; path = Enumerations.swift; sourceTree = "<group>"; };
		847271462001DF1800217FA8 /* Presenter.swift */ = {isa = PBXFileReference; lastKnownFileType = sourcecode.swift; path = Presenter.swift; sourceTree = "<group>"; };
		847271482001F52500217FA8 /* DetailViewController.swift */ = {isa = PBXFileReference; lastKnownFileType = sourcecode.swift; path = DetailViewController.swift; sourceTree = "<group>"; };
		8472714A2001F77E00217FA8 /* Interactor.swift */ = {isa = PBXFileReference; lastKnownFileType = sourcecode.swift; path = Interactor.swift; sourceTree = "<group>"; };
		8472714C2001FEB400217FA8 /* Router.swift */ = {isa = PBXFileReference; lastKnownFileType = sourcecode.swift; path = Router.swift; sourceTree = "<group>"; };
		8472714E20021FA600217FA8 /* CustomObjectCell.swift */ = {isa = PBXFileReference; lastKnownFileType = sourcecode.swift; path = CustomObjectCell.swift; sourceTree = "<group>"; };
		847271502002C39500217FA8 /* GlobalCache.swift */ = {isa = PBXFileReference; lastKnownFileType = sourcecode.swift; path = GlobalCache.swift; sourceTree = "<group>"; };
		847271522002F2A100217FA8 /* ViewModel.swift */ = {isa = PBXFileReference; lastKnownFileType = sourcecode.swift; path = ViewModel.swift; sourceTree = "<group>"; };
		8472715620032B9E00217FA8 /* ViewModelDelegate.swift */ = {isa = PBXFileReference; lastKnownFileType = sourcecode.swift; path = ViewModelDelegate.swift; sourceTree = "<group>"; };
		8472715820033B3500217FA8 /* ViewControllerDelegate.swift */ = {isa = PBXFileReference; lastKnownFileType = sourcecode.swift; path = ViewControllerDelegate.swift; sourceTree = "<group>"; };
		8472715B20035A0700217FA8 /* DetailViewModel.swift */ = {isa = PBXFileReference; lastKnownFileType = sourcecode.swift; path = DetailViewModel.swift; sourceTree = "<group>"; };
		847272772007141B00217FA8 /* Person.swift */ = {isa = PBXFileReference; lastKnownFileType = sourcecode.swift; path = Person.swift; sourceTree = "<group>"; };
		847272792007142D00217FA8 /* Planet.swift */ = {isa = PBXFileReference; lastKnownFileType = sourcecode.swift; path = Planet.swift; sourceTree = "<group>"; };
		8472727B2007144A00217FA8 /* Starship.swift */ = {isa = PBXFileReference; lastKnownFileType = sourcecode.swift; path = Starship.swift; sourceTree = "<group>"; };
		8472727D2007147800217FA8 /* Vehicle.swift */ = {isa = PBXFileReference; lastKnownFileType = sourcecode.swift; path = Vehicle.swift; sourceTree = "<group>"; };
		84727281200714FA00217FA8 /* Film.swift */ = {isa = PBXFileReference; lastKnownFileType = sourcecode.swift; path = Film.swift; sourceTree = "<group>"; };
		847272832007150400217FA8 /* Specie.swift */ = {isa = PBXFileReference; lastKnownFileType = sourcecode.swift; path = Specie.swift; sourceTree = "<group>"; };
		84727285200721EF00217FA8 /* DetailViewModelDelegate.swift */ = {isa = PBXFileReference; lastKnownFileType = sourcecode.swift; path = DetailViewModelDelegate.swift; sourceTree = "<group>"; };
		847272872007220900217FA8 /* DetailViewControllerDelegate.swift */ = {isa = PBXFileReference; lastKnownFileType = sourcecode.swift; path = DetailViewControllerDelegate.swift; sourceTree = "<group>"; };
		850CDE47DF5B795D084F89E3 /* Pods_StarWars_ViperTests.framework */ = {isa = PBXFileReference; explicitFileType = wrapper.framework; includeInIndex = 0; path = Pods_StarWars_ViperTests.framework; sourceTree = BUILT_PRODUCTS_DIR; };
		8F3483D96B9BB75DB1DE84A8 /* Pods_StarWars_Viper.framework */ = {isa = PBXFileReference; explicitFileType = wrapper.framework; includeInIndex = 0; path = Pods_StarWars_Viper.framework; sourceTree = BUILT_PRODUCTS_DIR; };
/* End PBXFileReference section */

/* Begin PBXFrameworksBuildPhase section */
		847271042000C4C600217FA8 /* Frameworks */ = {
			isa = PBXFrameworksBuildPhase;
			buildActionMask = 2147483647;
			files = (
				FDC5757CB98E34E5F9FB669C /* Pods_StarWars_Viper.framework in Frameworks */,
			);
			runOnlyForDeploymentPostprocessing = 0;
		};
		8472711B2000C4C600217FA8 /* Frameworks */ = {
			isa = PBXFrameworksBuildPhase;
			buildActionMask = 2147483647;
			files = (
				F09C037DE94006445598C2E3 /* Pods_StarWars_ViperTests.framework in Frameworks */,
			);
			runOnlyForDeploymentPostprocessing = 0;
		};
/* End PBXFrameworksBuildPhase section */

/* Begin PBXGroup section */
		1F7718A98B4F0154C80609B8 /* Pods */ = {
			isa = PBXGroup;
			children = (
				0B33A108F7166D8A723D447D /* Pods-StarWars Viper.debug.xcconfig */,
				2177EA9AF715293F2A4CF927 /* Pods-StarWars Viper.release.xcconfig */,
				2B9A6350B12CE2BC1A229405 /* Pods-StarWars ViperTests.debug.xcconfig */,
				1ADC5D6BBEE7B15DB8B7CDCA /* Pods-StarWars ViperTests.release.xcconfig */,
			);
			name = Pods;
			sourceTree = "<group>";
		};
		847270FE2000C4C500217FA8 = {
			isa = PBXGroup;
			children = (
				847271092000C4C600217FA8 /* StarWars Viper */,
				847271212000C4C600217FA8 /* StarWars ViperTests */,
				847271082000C4C600217FA8 /* Products */,
				1F7718A98B4F0154C80609B8 /* Pods */,
				DC79721DA3B9D1BD323C2515 /* Frameworks */,
			);
			sourceTree = "<group>";
		};
		847271082000C4C600217FA8 /* Products */ = {
			isa = PBXGroup;
			children = (
				847271072000C4C600217FA8 /* StarWars Viper.app */,
				8472711E2000C4C600217FA8 /* StarWars ViperTests.xctest */,
			);
			name = Products;
			sourceTree = "<group>";
		};
		847271092000C4C600217FA8 /* StarWars Viper */ = {
			isa = PBXGroup;
			children = (
				847271452001BA0000217FA8 /* Entity */,
				847271422001B2AC00217FA8 /* Common */,
				847271412001AEFF00217FA8 /* Presenter */,
				847271402001AEE300217FA8 /* Interacter */,
				8472713F2001AEDB00217FA8 /* View */,
				8472713E2001AE4400217FA8 /* Router */,
				8472710A2000C4C600217FA8 /* AppDelegate.swift */,
				8472715A200359D600217FA8 /* Service */,
				8472710E2000C4C600217FA8 /* Main.storyboard */,
				847271142000C4C600217FA8 /* Assets.xcassets */,
				847271162000C4C600217FA8 /* LaunchScreen.storyboard */,
				847271192000C4C600217FA8 /* Info.plist */,
				847271112000C4C600217FA8 /* StarWars_Viper.xcdatamodeld */,
			);
			path = "StarWars Viper";
			sourceTree = "<group>";
		};
		847271212000C4C600217FA8 /* StarWars ViperTests */ = {
			isa = PBXGroup;
			children = (
				847271222000C4C600217FA8 /* StarWars_ViperTests.swift */,
				847271242000C4C600217FA8 /* Info.plist */,
			);
			path = "StarWars ViperTests";
			sourceTree = "<group>";
		};
		8472713E2001AE4400217FA8 /* Router */ = {
			isa = PBXGroup;
			children = (
				8472714C2001FEB400217FA8 /* Router.swift */,
			);
			path = Router;
			sourceTree = "<group>";
		};
		8472713F2001AEDB00217FA8 /* View */ = {
			isa = PBXGroup;
			children = (
				847271542003081700217FA8 /* ViewController */,
				847271552003083200217FA8 /* DetailController */,
			);
			path = View;
			sourceTree = "<group>";
		};
		847271402001AEE300217FA8 /* Interacter */ = {
			isa = PBXGroup;
			children = (
				8472714A2001F77E00217FA8 /* Interactor.swift */,
			);
			path = Interacter;
			sourceTree = "<group>";
		};
		847271412001AEFF00217FA8 /* Presenter */ = {
			isa = PBXGroup;
			children = (
				847271462001DF1800217FA8 /* Presenter.swift */,
			);
			path = Presenter;
			sourceTree = "<group>";
		};
		847271422001B2AC00217FA8 /* Common */ = {
			isa = PBXGroup;
			children = (
				847271502002C39500217FA8 /* GlobalCache.swift */,
				8472713C2000D8BD00217FA8 /* Constants.swift */,
				847271432001B2FF00217FA8 /* Enumerations.swift */,
			);
			path = Common;
			sourceTree = "<group>";
		};
		847271452001BA0000217FA8 /* Entity */ = {
			isa = PBXGroup;
			children = (
				84727280200714BA00217FA8 /* Singular */,
				8472727F2007149C00217FA8 /* Plural */,
			);
			path = Entity;
			sourceTree = "<group>";
		};
		847271542003081700217FA8 /* ViewController */ = {
			isa = PBXGroup;
			children = (
				8472715620032B9E00217FA8 /* ViewModelDelegate.swift */,
				8472714E20021FA600217FA8 /* CustomObjectCell.swift */,
				8472710C2000C4C600217FA8 /* ViewController.swift */,
				847271522002F2A100217FA8 /* ViewModel.swift */,
				8472715820033B3500217FA8 /* ViewControllerDelegate.swift */,
			);
			path = ViewController;
			sourceTree = "<group>";
		};
		847271552003083200217FA8 /* DetailController */ = {
			isa = PBXGroup;
			children = (
				847271482001F52500217FA8 /* DetailViewController.swift */,
				8472715B20035A0700217FA8 /* DetailViewModel.swift */,
				84727285200721EF00217FA8 /* DetailViewModelDelegate.swift */,
				847272872007220900217FA8 /* DetailViewControllerDelegate.swift */,
			);
			path = DetailController;
			sourceTree = "<group>";
		};
		8472715A200359D600217FA8 /* Service */ = {
			isa = PBXGroup;
			children = (
				8472712D2000C55B00217FA8 /* Networking.swift */,
			);
			path = Service;
			sourceTree = "<group>";
		};
		8472727F2007149C00217FA8 /* Plural */ = {
			isa = PBXGroup;
			children = (
				847271302000C70D00217FA8 /* People.swift */,
				847271322000C72800217FA8 /* Planets.swift */,
				847271342000C74D00217FA8 /* Starships.swift */,
				847271362000C76300217FA8 /* Vehicles.swift */,
				847271382000C77900217FA8 /* Films.swift */,
				8472713A2000C79800217FA8 /* Species.swift */,
			);
			path = Plural;
			sourceTree = "<group>";
		};
		84727280200714BA00217FA8 /* Singular */ = {
			isa = PBXGroup;
			children = (
				8472727B2007144A00217FA8 /* Starship.swift */,
				847272772007141B00217FA8 /* Person.swift */,
				847272792007142D00217FA8 /* Planet.swift */,
				8472727D2007147800217FA8 /* Vehicle.swift */,
				84727281200714FA00217FA8 /* Film.swift */,
				847272832007150400217FA8 /* Specie.swift */,
			);
			path = Singular;
			sourceTree = "<group>";
		};
		DC79721DA3B9D1BD323C2515 /* Frameworks */ = {
			isa = PBXGroup;
			children = (
				8F3483D96B9BB75DB1DE84A8 /* Pods_StarWars_Viper.framework */,
				850CDE47DF5B795D084F89E3 /* Pods_StarWars_ViperTests.framework */,
			);
			name = Frameworks;
			sourceTree = "<group>";
		};
/* End PBXGroup section */

/* Begin PBXNativeTarget section */
		847271062000C4C600217FA8 /* StarWars Viper */ = {
			isa = PBXNativeTarget;
			buildConfigurationList = 847271272000C4C600217FA8 /* Build configuration list for PBXNativeTarget "StarWars Viper" */;
			buildPhases = (
				2DB7EBA8DCBF5B47D8F6486A /* [CP] Check Pods Manifest.lock */,
				847271032000C4C600217FA8 /* Sources */,
				847271042000C4C600217FA8 /* Frameworks */,
				847271052000C4C600217FA8 /* Resources */,
				C5FF53EB06CCDE46F0F34729 /* [CP] Embed Pods Frameworks */,
				692986D52E3AAB2F36F6D226 /* [CP] Copy Pods Resources */,
			);
			buildRules = (
			);
			dependencies = (
			);
			name = "StarWars Viper";
			productName = "StarWars Viper";
			productReference = 847271072000C4C600217FA8 /* StarWars Viper.app */;
			productType = "com.apple.product-type.application";
		};
		8472711D2000C4C600217FA8 /* StarWars ViperTests */ = {
			isa = PBXNativeTarget;
			buildConfigurationList = 8472712A2000C4C600217FA8 /* Build configuration list for PBXNativeTarget "StarWars ViperTests" */;
			buildPhases = (
				ADC25B7641595226FBA55B76 /* [CP] Check Pods Manifest.lock */,
				8472711A2000C4C600217FA8 /* Sources */,
				8472711B2000C4C600217FA8 /* Frameworks */,
				8472711C2000C4C600217FA8 /* Resources */,
				06AA9F2DAF9D4A6D7B147C13 /* [CP] Embed Pods Frameworks */,
				860ED5ABFE2637655FCDF1E5 /* [CP] Copy Pods Resources */,
			);
			buildRules = (
			);
			dependencies = (
				847271202000C4C600217FA8 /* PBXTargetDependency */,
			);
			name = "StarWars ViperTests";
			productName = "StarWars ViperTests";
			productReference = 8472711E2000C4C600217FA8 /* StarWars ViperTests.xctest */;
			productType = "com.apple.product-type.bundle.unit-test";
		};
/* End PBXNativeTarget section */

/* Begin PBXProject section */
		847270FF2000C4C500217FA8 /* Project object */ = {
			isa = PBXProject;
			attributes = {
				LastSwiftUpdateCheck = 0920;
				LastUpgradeCheck = 0920;
				ORGANIZATIONNAME = "Jamie Chu";
				TargetAttributes = {
					847271062000C4C600217FA8 = {
						CreatedOnToolsVersion = 9.2;
						ProvisioningStyle = Automatic;
					};
					8472711D2000C4C600217FA8 = {
						CreatedOnToolsVersion = 9.2;
						ProvisioningStyle = Automatic;
						TestTargetID = 847271062000C4C600217FA8;
					};
				};
			};
			buildConfigurationList = 847271022000C4C600217FA8 /* Build configuration list for PBXProject "StarWars Viper" */;
			compatibilityVersion = "Xcode 8.0";
			developmentRegion = en;
			hasScannedForEncodings = 0;
			knownRegions = (
				en,
				Base,
			);
			mainGroup = 847270FE2000C4C500217FA8;
			productRefGroup = 847271082000C4C600217FA8 /* Products */;
			projectDirPath = "";
			projectRoot = "";
			targets = (
				847271062000C4C600217FA8 /* StarWars Viper */,
				8472711D2000C4C600217FA8 /* StarWars ViperTests */,
			);
		};
/* End PBXProject section */

/* Begin PBXResourcesBuildPhase section */
		847271052000C4C600217FA8 /* Resources */ = {
			isa = PBXResourcesBuildPhase;
			buildActionMask = 2147483647;
			files = (
				847271182000C4C600217FA8 /* LaunchScreen.storyboard in Resources */,
				847271152000C4C600217FA8 /* Assets.xcassets in Resources */,
				847271102000C4C600217FA8 /* Main.storyboard in Resources */,
			);
			runOnlyForDeploymentPostprocessing = 0;
		};
		8472711C2000C4C600217FA8 /* Resources */ = {
			isa = PBXResourcesBuildPhase;
			buildActionMask = 2147483647;
			files = (
			);
			runOnlyForDeploymentPostprocessing = 0;
		};
/* End PBXResourcesBuildPhase section */

/* Begin PBXShellScriptBuildPhase section */
		06AA9F2DAF9D4A6D7B147C13 /* [CP] Embed Pods Frameworks */ = {
			isa = PBXShellScriptBuildPhase;
			buildActionMask = 2147483647;
			files = (
			);
			inputPaths = (
			);
			name = "[CP] Embed Pods Frameworks";
			outputPaths = (
			);
			runOnlyForDeploymentPostprocessing = 0;
			shellPath = /bin/sh;
			shellScript = "\"${SRCROOT}/Pods/Target Support Files/Pods-StarWars ViperTests/Pods-StarWars ViperTests-frameworks.sh\"\n";
			showEnvVarsInLog = 0;
		};
		2DB7EBA8DCBF5B47D8F6486A /* [CP] Check Pods Manifest.lock */ = {
			isa = PBXShellScriptBuildPhase;
			buildActionMask = 2147483647;
			files = (
			);
			inputPaths = (
				"${PODS_PODFILE_DIR_PATH}/Podfile.lock",
				"${PODS_ROOT}/Manifest.lock",
			);
			name = "[CP] Check Pods Manifest.lock";
			outputPaths = (
				"$(DERIVED_FILE_DIR)/Pods-StarWars Viper-checkManifestLockResult.txt",
			);
			runOnlyForDeploymentPostprocessing = 0;
			shellPath = /bin/sh;
			shellScript = "diff \"${PODS_PODFILE_DIR_PATH}/Podfile.lock\" \"${PODS_ROOT}/Manifest.lock\" > /dev/null\nif [ $? != 0 ] ; then\n    # print error to STDERR\n    echo \"error: The sandbox is not in sync with the Podfile.lock. Run 'pod install' or update your CocoaPods installation.\" >&2\n    exit 1\nfi\n# This output is used by Xcode 'outputs' to avoid re-running this script phase.\necho \"SUCCESS\" > \"${SCRIPT_OUTPUT_FILE_0}\"\n";
			showEnvVarsInLog = 0;
		};
		692986D52E3AAB2F36F6D226 /* [CP] Copy Pods Resources */ = {
			isa = PBXShellScriptBuildPhase;
			buildActionMask = 2147483647;
			files = (
			);
			inputPaths = (
			);
			name = "[CP] Copy Pods Resources";
			outputPaths = (
			);
			runOnlyForDeploymentPostprocessing = 0;
			shellPath = /bin/sh;
			shellScript = "\"${SRCROOT}/Pods/Target Support Files/Pods-StarWars Viper/Pods-StarWars Viper-resources.sh\"\n";
			showEnvVarsInLog = 0;
		};
		860ED5ABFE2637655FCDF1E5 /* [CP] Copy Pods Resources */ = {
			isa = PBXShellScriptBuildPhase;
			buildActionMask = 2147483647;
			files = (
			);
			inputPaths = (
			);
			name = "[CP] Copy Pods Resources";
			outputPaths = (
			);
			runOnlyForDeploymentPostprocessing = 0;
			shellPath = /bin/sh;
			shellScript = "\"${SRCROOT}/Pods/Target Support Files/Pods-StarWars ViperTests/Pods-StarWars ViperTests-resources.sh\"\n";
			showEnvVarsInLog = 0;
		};
		ADC25B7641595226FBA55B76 /* [CP] Check Pods Manifest.lock */ = {
			isa = PBXShellScriptBuildPhase;
			buildActionMask = 2147483647;
			files = (
			);
			inputPaths = (
				"${PODS_PODFILE_DIR_PATH}/Podfile.lock",
				"${PODS_ROOT}/Manifest.lock",
			);
			name = "[CP] Check Pods Manifest.lock";
			outputPaths = (
				"$(DERIVED_FILE_DIR)/Pods-StarWars ViperTests-checkManifestLockResult.txt",
			);
			runOnlyForDeploymentPostprocessing = 0;
			shellPath = /bin/sh;
			shellScript = "diff \"${PODS_PODFILE_DIR_PATH}/Podfile.lock\" \"${PODS_ROOT}/Manifest.lock\" > /dev/null\nif [ $? != 0 ] ; then\n    # print error to STDERR\n    echo \"error: The sandbox is not in sync with the Podfile.lock. Run 'pod install' or update your CocoaPods installation.\" >&2\n    exit 1\nfi\n# This output is used by Xcode 'outputs' to avoid re-running this script phase.\necho \"SUCCESS\" > \"${SCRIPT_OUTPUT_FILE_0}\"\n";
			showEnvVarsInLog = 0;
		};
		C5FF53EB06CCDE46F0F34729 /* [CP] Embed Pods Frameworks */ = {
			isa = PBXShellScriptBuildPhase;
			buildActionMask = 2147483647;
			files = (
			);
			inputPaths = (
				"${SRCROOT}/Pods/Target Support Files/Pods-StarWars Viper/Pods-StarWars Viper-frameworks.sh",
				"${BUILT_PRODUCTS_DIR}/Alamofire/Alamofire.framework",
				"${BUILT_PRODUCTS_DIR}/GTMSessionFetcher/GTMSessionFetcher.framework",
				"${BUILT_PRODUCTS_DIR}/GoogleToolboxForMac/GoogleToolboxForMac.framework",
				"${BUILT_PRODUCTS_DIR}/SwiftKeychainWrapper/SwiftKeychainWrapper.framework",
				"${BUILT_PRODUCTS_DIR}/nanopb/nanopb.framework",
			);
			name = "[CP] Embed Pods Frameworks";
			outputPaths = (
				"${TARGET_BUILD_DIR}/${FRAMEWORKS_FOLDER_PATH}/Alamofire.framework",
				"${TARGET_BUILD_DIR}/${FRAMEWORKS_FOLDER_PATH}/GTMSessionFetcher.framework",
				"${TARGET_BUILD_DIR}/${FRAMEWORKS_FOLDER_PATH}/GoogleToolboxForMac.framework",
				"${TARGET_BUILD_DIR}/${FRAMEWORKS_FOLDER_PATH}/SwiftKeychainWrapper.framework",
				"${TARGET_BUILD_DIR}/${FRAMEWORKS_FOLDER_PATH}/nanopb.framework",
			);
			runOnlyForDeploymentPostprocessing = 0;
			shellPath = /bin/sh;
			shellScript = "\"${SRCROOT}/Pods/Target Support Files/Pods-StarWars Viper/Pods-StarWars Viper-frameworks.sh\"\n";
			showEnvVarsInLog = 0;
		};
/* End PBXShellScriptBuildPhase section */

/* Begin PBXSourcesBuildPhase section */
		847271032000C4C600217FA8 /* Sources */ = {
			isa = PBXSourcesBuildPhase;
			buildActionMask = 2147483647;
			files = (
				8472727E2007147800217FA8 /* Vehicle.swift in Sources */,
				8472710D2000C4C600217FA8 /* ViewController.swift in Sources */,
				8472714B2001F77E00217FA8 /* Interactor.swift in Sources */,
				8472713D2000D8BD00217FA8 /* Constants.swift in Sources */,
				8472727A2007142D00217FA8 /* Planet.swift in Sources */,
				847271132000C4C600217FA8 /* StarWars_Viper.xcdatamodeld in Sources */,
				8472710B2000C4C600217FA8 /* AppDelegate.swift in Sources */,
				84727286200721EF00217FA8 /* DetailViewModelDelegate.swift in Sources */,
				847271442001B2FF00217FA8 /* Enumerations.swift in Sources */,
				8472712E2000C55B00217FA8 /* Networking.swift in Sources */,
				847271532002F2A100217FA8 /* ViewModel.swift in Sources */,
				847271372000C76300217FA8 /* Vehicles.swift in Sources */,
				847272782007141B00217FA8 /* Person.swift in Sources */,
				847272842007150400217FA8 /* Specie.swift in Sources */,
				8472727C2007144A00217FA8 /* Starship.swift in Sources */,
				8472715C20035A0700217FA8 /* DetailViewModel.swift in Sources */,
				8472714D2001FEB400217FA8 /* Router.swift in Sources */,
				847271392000C77900217FA8 /* Films.swift in Sources */,
				84727282200714FA00217FA8 /* Film.swift in Sources */,
				8472715920033B3500217FA8 /* ViewControllerDelegate.swift in Sources */,
				8472714F20021FA600217FA8 /* CustomObjectCell.swift in Sources */,
				847271312000C70D00217FA8 /* People.swift in Sources */,
				8472715720032B9E00217FA8 /* ViewModelDelegate.swift in Sources */,
				847271332000C72800217FA8 /* Planets.swift in Sources */,
				847272882007220900217FA8 /* DetailViewControllerDelegate.swift in Sources */,
				847271472001DF1800217FA8 /* Presenter.swift in Sources */,
				8472713B2000C79800217FA8 /* Species.swift in Sources */,
				847271512002C39500217FA8 /* GlobalCache.swift in Sources */,
				847271352000C74D00217FA8 /* Starships.swift in Sources */,
				847271492001F52500217FA8 /* DetailViewController.swift in Sources */,
			);
			runOnlyForDeploymentPostprocessing = 0;
		};
		8472711A2000C4C600217FA8 /* Sources */ = {
			isa = PBXSourcesBuildPhase;
			buildActionMask = 2147483647;
			files = (
				847271232000C4C600217FA8 /* StarWars_ViperTests.swift in Sources */,
			);
			runOnlyForDeploymentPostprocessing = 0;
		};
/* End PBXSourcesBuildPhase section */

/* Begin PBXTargetDependency section */
		847271202000C4C600217FA8 /* PBXTargetDependency */ = {
			isa = PBXTargetDependency;
			target = 847271062000C4C600217FA8 /* StarWars Viper */;
			targetProxy = 8472711F2000C4C600217FA8 /* PBXContainerItemProxy */;
		};
/* End PBXTargetDependency section */

/* Begin PBXVariantGroup section */
		8472710E2000C4C600217FA8 /* Main.storyboard */ = {
			isa = PBXVariantGroup;
			children = (
				8472710F2000C4C600217FA8 /* Base */,
			);
			name = Main.storyboard;
			sourceTree = "<group>";
		};
		847271162000C4C600217FA8 /* LaunchScreen.storyboard */ = {
			isa = PBXVariantGroup;
			children = (
				847271172000C4C600217FA8 /* Base */,
			);
			name = LaunchScreen.storyboard;
			sourceTree = "<group>";
		};
/* End PBXVariantGroup section */

/* Begin XCBuildConfiguration section */
		847271252000C4C600217FA8 /* Debug */ = {
			isa = XCBuildConfiguration;
			buildSettings = {
				ALWAYS_SEARCH_USER_PATHS = NO;
				CLANG_ANALYZER_NONNULL = YES;
				CLANG_ANALYZER_NUMBER_OBJECT_CONVERSION = YES_AGGRESSIVE;
				CLANG_CXX_LANGUAGE_STANDARD = "gnu++14";
				CLANG_CXX_LIBRARY = "libc++";
				CLANG_ENABLE_MODULES = YES;
				CLANG_ENABLE_OBJC_ARC = YES;
				CLANG_WARN_BLOCK_CAPTURE_AUTORELEASING = YES;
				CLANG_WARN_BOOL_CONVERSION = YES;
				CLANG_WARN_COMMA = YES;
				CLANG_WARN_CONSTANT_CONVERSION = YES;
				CLANG_WARN_DIRECT_OBJC_ISA_USAGE = YES_ERROR;
				CLANG_WARN_DOCUMENTATION_COMMENTS = YES;
				CLANG_WARN_EMPTY_BODY = YES;
				CLANG_WARN_ENUM_CONVERSION = YES;
				CLANG_WARN_INFINITE_RECURSION = YES;
				CLANG_WARN_INT_CONVERSION = YES;
				CLANG_WARN_NON_LITERAL_NULL_CONVERSION = YES;
				CLANG_WARN_OBJC_LITERAL_CONVERSION = YES;
				CLANG_WARN_OBJC_ROOT_CLASS = YES_ERROR;
				CLANG_WARN_RANGE_LOOP_ANALYSIS = YES;
				CLANG_WARN_STRICT_PROTOTYPES = YES;
				CLANG_WARN_SUSPICIOUS_MOVE = YES;
				CLANG_WARN_UNGUARDED_AVAILABILITY = YES_AGGRESSIVE;
				CLANG_WARN_UNREACHABLE_CODE = YES;
				CLANG_WARN__DUPLICATE_METHOD_MATCH = YES;
				CODE_SIGN_IDENTITY = "iPhone Developer";
				COPY_PHASE_STRIP = NO;
				DEBUG_INFORMATION_FORMAT = dwarf;
				ENABLE_STRICT_OBJC_MSGSEND = YES;
				ENABLE_TESTABILITY = YES;
				GCC_C_LANGUAGE_STANDARD = gnu11;
				GCC_DYNAMIC_NO_PIC = NO;
				GCC_NO_COMMON_BLOCKS = YES;
				GCC_OPTIMIZATION_LEVEL = 0;
				GCC_PREPROCESSOR_DEFINITIONS = (
					"DEBUG=1",
					"$(inherited)",
				);
				GCC_WARN_64_TO_32_BIT_CONVERSION = YES;
				GCC_WARN_ABOUT_RETURN_TYPE = YES_ERROR;
				GCC_WARN_UNDECLARED_SELECTOR = YES;
				GCC_WARN_UNINITIALIZED_AUTOS = YES_AGGRESSIVE;
				GCC_WARN_UNUSED_FUNCTION = YES;
				GCC_WARN_UNUSED_VARIABLE = YES;
				IPHONEOS_DEPLOYMENT_TARGET = 11.2;
				MTL_ENABLE_DEBUG_INFO = YES;
				ONLY_ACTIVE_ARCH = YES;
				SDKROOT = iphoneos;
				SWIFT_ACTIVE_COMPILATION_CONDITIONS = DEBUG;
				SWIFT_OPTIMIZATION_LEVEL = "-Onone";
			};
			name = Debug;
		};
		847271262000C4C600217FA8 /* Release */ = {
			isa = XCBuildConfiguration;
			buildSettings = {
				ALWAYS_SEARCH_USER_PATHS = NO;
				CLANG_ANALYZER_NONNULL = YES;
				CLANG_ANALYZER_NUMBER_OBJECT_CONVERSION = YES_AGGRESSIVE;
				CLANG_CXX_LANGUAGE_STANDARD = "gnu++14";
				CLANG_CXX_LIBRARY = "libc++";
				CLANG_ENABLE_MODULES = YES;
				CLANG_ENABLE_OBJC_ARC = YES;
				CLANG_WARN_BLOCK_CAPTURE_AUTORELEASING = YES;
				CLANG_WARN_BOOL_CONVERSION = YES;
				CLANG_WARN_COMMA = YES;
				CLANG_WARN_CONSTANT_CONVERSION = YES;
				CLANG_WARN_DIRECT_OBJC_ISA_USAGE = YES_ERROR;
				CLANG_WARN_DOCUMENTATION_COMMENTS = YES;
				CLANG_WARN_EMPTY_BODY = YES;
				CLANG_WARN_ENUM_CONVERSION = YES;
				CLANG_WARN_INFINITE_RECURSION = YES;
				CLANG_WARN_INT_CONVERSION = YES;
				CLANG_WARN_NON_LITERAL_NULL_CONVERSION = YES;
				CLANG_WARN_OBJC_LITERAL_CONVERSION = YES;
				CLANG_WARN_OBJC_ROOT_CLASS = YES_ERROR;
				CLANG_WARN_RANGE_LOOP_ANALYSIS = YES;
				CLANG_WARN_STRICT_PROTOTYPES = YES;
				CLANG_WARN_SUSPICIOUS_MOVE = YES;
				CLANG_WARN_UNGUARDED_AVAILABILITY = YES_AGGRESSIVE;
				CLANG_WARN_UNREACHABLE_CODE = YES;
				CLANG_WARN__DUPLICATE_METHOD_MATCH = YES;
				CODE_SIGN_IDENTITY = "iPhone Developer";
				COPY_PHASE_STRIP = NO;
				DEBUG_INFORMATION_FORMAT = "dwarf-with-dsym";
				ENABLE_NS_ASSERTIONS = NO;
				ENABLE_STRICT_OBJC_MSGSEND = YES;
				GCC_C_LANGUAGE_STANDARD = gnu11;
				GCC_NO_COMMON_BLOCKS = YES;
				GCC_WARN_64_TO_32_BIT_CONVERSION = YES;
				GCC_WARN_ABOUT_RETURN_TYPE = YES_ERROR;
				GCC_WARN_UNDECLARED_SELECTOR = YES;
				GCC_WARN_UNINITIALIZED_AUTOS = YES_AGGRESSIVE;
				GCC_WARN_UNUSED_FUNCTION = YES;
				GCC_WARN_UNUSED_VARIABLE = YES;
				IPHONEOS_DEPLOYMENT_TARGET = 11.2;
				MTL_ENABLE_DEBUG_INFO = NO;
				SDKROOT = iphoneos;
				SWIFT_OPTIMIZATION_LEVEL = "-Owholemodule";
				VALIDATE_PRODUCT = YES;
			};
			name = Release;
		};
		847271282000C4C600217FA8 /* Debug */ = {
			isa = XCBuildConfiguration;
			baseConfigurationReference = 0B33A108F7166D8A723D447D /* Pods-StarWars Viper.debug.xcconfig */;
			buildSettings = {
				ASSETCATALOG_COMPILER_APPICON_NAME = AppIcon;
				CODE_SIGN_STYLE = Automatic;
				INFOPLIST_FILE = "StarWars Viper/Info.plist";
				LD_RUNPATH_SEARCH_PATHS = "$(inherited) @executable_path/Frameworks";
				PRODUCT_BUNDLE_IDENTIFIER = "com.MobileAppsCompany.StarWars-Viper";
				PRODUCT_NAME = "$(TARGET_NAME)";
				SWIFT_VERSION = 4.0;
				TARGETED_DEVICE_FAMILY = "1,2";
			};
			name = Debug;
		};
		847271292000C4C600217FA8 /* Release */ = {
			isa = XCBuildConfiguration;
			baseConfigurationReference = 2177EA9AF715293F2A4CF927 /* Pods-StarWars Viper.release.xcconfig */;
			buildSettings = {
				ASSETCATALOG_COMPILER_APPICON_NAME = AppIcon;
				CODE_SIGN_STYLE = Automatic;
				INFOPLIST_FILE = "StarWars Viper/Info.plist";
				LD_RUNPATH_SEARCH_PATHS = "$(inherited) @executable_path/Frameworks";
				PRODUCT_BUNDLE_IDENTIFIER = "com.MobileAppsCompany.StarWars-Viper";
				PRODUCT_NAME = "$(TARGET_NAME)";
				SWIFT_VERSION = 4.0;
				TARGETED_DEVICE_FAMILY = "1,2";
			};
			name = Release;
		};
		8472712B2000C4C600217FA8 /* Debug */ = {
			isa = XCBuildConfiguration;
			baseConfigurationReference = 2B9A6350B12CE2BC1A229405 /* Pods-StarWars ViperTests.debug.xcconfig */;
			buildSettings = {
				ALWAYS_EMBED_SWIFT_STANDARD_LIBRARIES = YES;
				BUNDLE_LOADER = "$(TEST_HOST)";
				CODE_SIGN_STYLE = Automatic;
				INFOPLIST_FILE = "StarWars ViperTests/Info.plist";
				LD_RUNPATH_SEARCH_PATHS = "$(inherited) @executable_path/Frameworks @loader_path/Frameworks";
				PRODUCT_BUNDLE_IDENTIFIER = "com.MobileAppsCompany.StarWars-ViperTests";
				PRODUCT_NAME = "$(TARGET_NAME)";
				SWIFT_VERSION = 4.0;
				TARGETED_DEVICE_FAMILY = "1,2";
				TEST_HOST = "$(BUILT_PRODUCTS_DIR)/StarWars Viper.app/StarWars Viper";
			};
			name = Debug;
		};
		8472712C2000C4C600217FA8 /* Release */ = {
			isa = XCBuildConfiguration;
			baseConfigurationReference = 1ADC5D6BBEE7B15DB8B7CDCA /* Pods-StarWars ViperTests.release.xcconfig */;
			buildSettings = {
				ALWAYS_EMBED_SWIFT_STANDARD_LIBRARIES = YES;
				BUNDLE_LOADER = "$(TEST_HOST)";
				CODE_SIGN_STYLE = Automatic;
				INFOPLIST_FILE = "StarWars ViperTests/Info.plist";
				LD_RUNPATH_SEARCH_PATHS = "$(inherited) @executable_path/Frameworks @loader_path/Frameworks";
				PRODUCT_BUNDLE_IDENTIFIER = "com.MobileAppsCompany.StarWars-ViperTests";
				PRODUCT_NAME = "$(TARGET_NAME)";
				SWIFT_VERSION = 4.0;
				TARGETED_DEVICE_FAMILY = "1,2";
				TEST_HOST = "$(BUILT_PRODUCTS_DIR)/StarWars Viper.app/StarWars Viper";
			};
			name = Release;
		};
/* End XCBuildConfiguration section */

/* Begin XCConfigurationList section */
		847271022000C4C600217FA8 /* Build configuration list for PBXProject "StarWars Viper" */ = {
			isa = XCConfigurationList;
			buildConfigurations = (
				847271252000C4C600217FA8 /* Debug */,
				847271262000C4C600217FA8 /* Release */,
			);
			defaultConfigurationIsVisible = 0;
			defaultConfigurationName = Release;
		};
		847271272000C4C600217FA8 /* Build configuration list for PBXNativeTarget "StarWars Viper" */ = {
			isa = XCConfigurationList;
			buildConfigurations = (
				847271282000C4C600217FA8 /* Debug */,
				847271292000C4C600217FA8 /* Release */,
			);
			defaultConfigurationIsVisible = 0;
			defaultConfigurationName = Release;
		};
		8472712A2000C4C600217FA8 /* Build configuration list for PBXNativeTarget "StarWars ViperTests" */ = {
			isa = XCConfigurationList;
			buildConfigurations = (
				8472712B2000C4C600217FA8 /* Debug */,
				8472712C2000C4C600217FA8 /* Release */,
			);
			defaultConfigurationIsVisible = 0;
			defaultConfigurationName = Release;
		};
/* End XCConfigurationList section */

/* Begin XCVersionGroup section */
		847271112000C4C600217FA8 /* StarWars_Viper.xcdatamodeld */ = {
			isa = XCVersionGroup;
			children = (
				847271122000C4C600217FA8 /* StarWars_Viper.xcdatamodel */,
			);
			currentVersion = 847271122000C4C600217FA8 /* StarWars_Viper.xcdatamodel */;
			path = StarWars_Viper.xcdatamodeld;
			sourceTree = "<group>";
			versionGroupType = wrapper.xcdatamodel;
		};
/* End XCVersionGroup section */
	};
	rootObject = 847270FF2000C4C500217FA8 /* Project object */;
}
